
Microsoft Visual Studio Solution File, Format Version 11.00
# Visual Studio 2010
Project("{FAE04EC0-301F-11D3-BF4B-00C04F79EFBC}") = "REA-IHC-master", "Assembly-CSharp.csproj", "{DF6ED008-E7BE-0152-79C5-EA874EFA8150}"
EndProject
Global
	GlobalSection(SolutionConfigurationPlatforms) = preSolution
		Debug|Any CPU = Debug|Any CPU
		Release|Any CPU = Release|Any CPU
	EndGlobalSection
	GlobalSection(ProjectConfigurationPlatforms) = postSolution
		{DF6ED008-E7BE-0152-79C5-EA874EFA8150}.Debug|Any CPU.ActiveCfg = Debug|Any CPU
		{DF6ED008-E7BE-0152-79C5-EA874EFA8150}.Debug|Any CPU.Build.0 = Debug|Any CPU
		{DF6ED008-E7BE-0152-79C5-EA874EFA8150}.Release|Any CPU.ActiveCfg = Release|Any CPU
		{DF6ED008-E7BE-0152-79C5-EA874EFA8150}.Release|Any CPU.Build.0 = Release|Any CPU
	EndGlobalSection
	GlobalSection(SolutionProperties) = preSolution
		HideSolutionNode = FALSE
	EndGlobalSection
	GlobalSection(MonoDevelopProperties) = preSolution
		StartupItem = Assembly-CSharp.csproj
	EndGlobalSection
EndGlobal
